absl-py==2.4.0
aiofiles==25.1.0
annotated-doc==0.0.4
annotated-types==0.7.0
antlr4-python3-runtime==4.9.3
anyio==4.13.0
array-record==0.8.3
ast-serialize==0.5.0
click==8.4.1
cloudpickle==3.1.2
contourpy==1.3.3
coverage==7.14.1
cycler==0.12.1
etils==1.14.0
fastapi==0.136.3
flatbuffers==25.12.19
flax==0.12.7
fonttools==4.63.0
fsspec==2026.4.0
grain==0.2.17
h11==0.16.0
httpcore2==2.4.0
httpx2==2.4.0
humanize==4.15.0
hydra-core==1.3.3
idna==3.18
iniconfig==2.3.0
jax==0.10.1
jax-cuda12-pjrt==0.10.1
jax-cuda12-plugin==0.10.1
jaxlib==0.10.1
joblib==1.5.3
kiwisolver==1.5.0
librt==0.11.0
lightgbm==4.6.0
markdown-it-py==4.2.0
matplotlib==3.11.0
mdurl==0.1.2
ml-dtypes==0.5.4
msgpack==1.2.0
mypy==2.1.0
mypy-extensions==1.1.0
numpy==2.4.6
nvidia-cublas-cu12==12.9.2.10
nvidia-cuda-cccl-cu12==12.9.27
nvidia-cuda-cupti-cu12==12.9.79
nvidia-cuda-nvcc-cu12==12.9.86
nvidia-cuda-nvrtc-cu12==12.9.86
nvidia-cuda-runtime-cu12==12.9.79
nvidia-cudnn-cu12==9.23.1.3
nvidia-cufft-cu12==11.4.1.4
nvidia-cusolver-cu12==11.7.5.82
nvidia-cusparse-cu12==12.5.10.65
nvidia-nccl-cu12==2.30.7
nvidia-nvjitlink-cu12==12.9.86
nvidia-nvshmem-cu12==3.7.0
omegaconf==2.3.1
onnxruntime==1.26.0
opt-einsum==3.4.0
optax==0.2.8
orbax-checkpoint==0.12.0
packaging==26.0
pandas==3.0.3
pathspec==1.1.1
pillow==12.2.0
pip @ file:///home/task_178032272205047/croot/pip_1780323467325/work
pluggy==1.6.0
polars==1.41.2
polars-runtime-32==1.41.2
portpicker==1.6.0
prometheus-client==0.25.0
protobuf==7.35.1
psutil==7.2.2
pyarrow==24.0.0
pydantic==2.13.4
pydantic-core==2.46.4
pygments==2.20.0
pyparsing==3.3.2
pytest==9.1.0
pytest-cov==7.1.0
python-dateutil==2.9.0.post0
python-dotenv==1.2.2
pyyaml==6.0.3
rich==15.0.0
ruff==0.15.17
scikit-learn==1.6.1
scipy==1.17.1
seaborn==0.13.2
setuptools==82.0.1
shellingham==1.5.4
simplejson==4.1.1
six==1.17.0
starlette==1.3.1
tensorstore==0.1.84
threadpoolctl==3.6.0
tqdm==4.68.2
treescope==0.1.10
truststore==0.10.4
typer==0.26.7
typing-extensions==4.15.0
typing-inspection==0.4.2
uvicorn==0.49.0
uvloop==0.22.1
wheel==0.46.3
zipp==4.1.0
